// !$*UTF8*$!
{
	archiveVersion = 1;
	classes = {
	};
	objectVersion = 48;
	objects = {

/* Begin PBXBuildFile section */
		611CFE1D1F9E2445007BD0FC /* CustomTextField.swift in Sources */ = {isa = PBXBuildFile; fileRef = 611CFE1C1F9E2445007BD0FC /* CustomTextField.swift */; };
		611CFE1F1F9E2AB3007BD0FC /* Constants.swift in Sources */ = {isa = PBXBuildFile; fileRef = 611CFE1E1F9E2AB3007BD0FC /* Constants.swift */; };
		611CFE211F9E4491007BD0FC /* User.swift in Sources */ = {isa = PBXBuildFile; fileRef = 611CFE201F9E4491007BD0FC /* User.swift */; };
		611CFE231F9E4EAF007BD0FC /* asCompanyVC.swift in Sources */ = {isa = PBXBuildFile; fileRef = 611CFE221F9E4EAF007BD0FC /* asCompanyVC.swift */; };
		611CFE251F9E4EC1007BD0FC /* asUserVC.swift in Sources */ = {isa = PBXBuildFile; fileRef = 611CFE241F9E4EC1007BD0FC /* asUserVC.swift */; };
		611CFE271F9E5EA8007BD0FC /* CustomView.swift in Sources */ = {isa = PBXBuildFile; fileRef = 611CFE261F9E5EA8007BD0FC /* CustomView.swift */; };
		61988F471F9E80FD007C5035 /* ProfileVC.swift in Sources */ = {isa = PBXBuildFile; fileRef = 61988F461F9E80FD007C5035 /* ProfileVC.swift */; };
		61988F491F9E890A007C5035 /* JobDetailVC.swift in Sources */ = {isa = PBXBuildFile; fileRef = 61988F481F9E890A007C5035 /* JobDetailVC.swift */; };
		61CFE40D1F9E1C4300B98CFE /* AppDelegate.swift in Sources */ = {isa = PBXBuildFile; fileRef = 61CFE40C1F9E1C4300B98CFE /* AppDelegate.swift */; };
		61CFE40F1F9E1C4300B98CFE /* LoginVC.swift in Sources */ = {isa = PBXBuildFile; fileRef = 61CFE40E1F9E1C4300B98CFE /* LoginVC.swift */; };
		61CFE4121F9E1C4300B98CFE /* Main.storyboard in Resources */ = {isa = PBXBuildFile; fileRef = 61CFE4101F9E1C4300B98CFE /* Main.storyboard */; };
		61CFE4141F9E1C4300B98CFE /* Assets.xcassets in Resources */ = {isa = PBXBuildFile; fileRef = 61CFE4131F9E1C4300B98CFE /* Assets.xcassets */; };
		61CFE4171F9E1C4300B98CFE /* LaunchScreen.storyboard in Resources */ = {isa = PBXBuildFile; fileRef = 61CFE4151F9E1C4300B98CFE /* LaunchScreen.storyboard */; };
		61CFE4241F9E1EC500B98CFE /* RoundedButton.swift in Sources */ = {isa = PBXBuildFile; fileRef = 61CFE4231F9E1EC500B98CFE /* RoundedButton.swift */; };
		61CFE4261F9E212100B98CFE /* Extensions.swift in Sources */ = {isa = PBXBuildFile; fileRef = 61CFE4251F9E212100B98CFE /* Extensions.swift */; };
/* End PBXBuildFile section */

/* Begin PBXFileReference section */
		611CFE1C1F9E2445007BD0FC /* CustomTextField.swift */ = {isa = PBXFileReference; lastKnownFileType = sourcecode.swift; path = CustomTextField.swift; sourceTree = "<group>"; };
		611CFE1E1F9E2AB3007BD0FC /* Constants.swift */ = {isa = PBXFileReference; lastKnownFileType = sourcecode.swift; path = Constants.swift; sourceTree = "<group>"; };
		611CFE201F9E4491007BD0FC /* User.swift */ = {isa = PBXFileReference; lastKnownFileType = sourcecode.swift; path = User.swift; sourceTree = "<group>"; };
		611CFE221F9E4EAF007BD0FC /* asCompanyVC.swift */ = {isa = PBXFileReference; lastKnownFileType = sourcecode.swift; path = asCompanyVC.swift; sourceTree = "<group>"; };
		611CFE241F9E4EC1007BD0FC /* asUserVC.swift */ = {isa = PBXFileReference; lastKnownFileType = sourcecode.swift; path = asUserVC.swift; sourceTree = "<group>"; };
		611CFE261F9E5EA8007BD0FC /* CustomView.swift */ = {isa = PBXFileReference; lastKnownFileType = sourcecode.swift; path = CustomView.swift; sourceTree = "<group>"; };
		61988F461F9E80FD007C5035 /* ProfileVC.swift */ = {isa = PBXFileReference; lastKnownFileType = sourcecode.swift; path = ProfileVC.swift; sourceTree = "<group>"; };
		61988F481F9E890A007C5035 /* JobDetailVC.swift */ = {isa = PBXFileReference; lastKnownFileType = sourcecode.swift; path = JobDetailVC.swift; sourceTree = "<group>"; };
		61CFE4091F9E1C4300B98CFE /* FindYourDreamJob.app */ = {isa = PBXFileReference; explicitFileType = wrapper.application; includeInIndex = 0; path = FindYourDreamJob.app; sourceTree = BUILT_PRODUCTS_DIR; };
		61CFE40C1F9E1C4300B98CFE /* AppDelegate.swift */ = {isa = PBXFileReference; lastKnownFileType = sourcecode.swift; path = AppDelegate.swift; sourceTree = "<group>"; };
		61CFE40E1F9E1C4300B98CFE /* LoginVC.swift */ = {isa = PBXFileReference; lastKnownFileType = sourcecode.swift; path = LoginVC.swift; sourceTree = "<group>"; };
		61CFE4111F9E1C4300B98CFE /* Base */ = {isa = PBXFileReference; lastKnownFileType = file.storyboard; name = Base; path = Base.lproj/Main.storyboard; sourceTree = "<group>"; };
		61CFE4131F9E1C4300B98CFE /* Assets.xcassets */ = {isa = PBXFileReference; lastKnownFileType = folder.assetcatalog; path = Assets.xcassets; sourceTree = "<group>"; };
		61CFE4161F9E1C4300B98CFE /* Base */ = {isa = PBXFileReference; lastKnownFileType = file.storyboard; name = Base; path = Base.lproj/LaunchScreen.storyboard; sourceTree = "<group>"; };
		61CFE4181F9E1C4300B98CFE /* Info.plist */ = {isa = PBXFileReference; lastKnownFileType = text.plist.xml; path = Info.plist; sourceTree = "<group>"; };
		61CFE4231F9E1EC500B98CFE /* RoundedButton.swift */ = {isa = PBXFileReference; lastKnownFileType = sourcecode.swift; path = RoundedButton.swift; sourceTree = "<group>"; };
		61CFE4251F9E212100B98CFE /* Extensions.swift */ = {isa = PBXFileReference; lastKnownFileType = sourcecode.swift; path = Extensions.swift; sourceTree = "<group>"; };
/* End PBXFileReference section */

/* Begin PBXFrameworksBuildPhase section */
		61CFE4061F9E1C4300B98CFE /* Frameworks */ = {
			isa = PBXFrameworksBuildPhase;
			buildActionMask = 2147483647;
			files = (
			);
			runOnlyForDeploymentPostprocessing = 0;
		};
/* End PBXFrameworksBuildPhase section */

/* Begin PBXGroup section */
		61988F4A1F9E9096007C5035 /* UserVC's */ = {
			isa = PBXGroup;
			children = (
				61988F461F9E80FD007C5035 /* ProfileVC.swift */,
				611CFE241F9E4EC1007BD0FC /* asUserVC.swift */,
			);
			path = "UserVC's";
			sourceTree = "<group>";
		};
		61CFE4001F9E1C4300B98CFE = {
			isa = PBXGroup;
			children = (
				61CFE40B1F9E1C4300B98CFE /* FindYourDreamJob */,
				61CFE40A1F9E1C4300B98CFE /* Products */,
			);
			sourceTree = "<group>";
		};
		61CFE40A1F9E1C4300B98CFE /* Products */ = {
			isa = PBXGroup;
			children = (
				61CFE4091F9E1C4300B98CFE /* FindYourDreamJob.app */,
			);
			name = Products;
			sourceTree = "<group>";
		};
		61CFE40B1F9E1C4300B98CFE /* FindYourDreamJob */ = {
			isa = PBXGroup;
			children = (
				61CFE4251F9E212100B98CFE /* Extensions.swift */,
				611CFE1E1F9E2AB3007BD0FC /* Constants.swift */,
				61CFE41F1F9E1C6D00B98CFE /* Model */,
				61CFE4201F9E1C7600B98CFE /* Views */,
				61CFE41E1F9E1C6700B98CFE /* Controllers */,
				61CFE40C1F9E1C4300B98CFE /* AppDelegate.swift */,
				61CFE4101F9E1C4300B98CFE /* Main.storyboard */,
				61CFE4131F9E1C4300B98CFE /* Assets.xcassets */,
				61CFE4151F9E1C4300B98CFE /* LaunchScreen.storyboard */,
				61CFE4181F9E1C4300B98CFE /* Info.plist */,
			);
			path = FindYourDreamJob;
			sourceTree = "<group>";
		};
		61CFE41E1F9E1C6700B98CFE /* Controllers */ = {
			isa = PBXGroup;
			children = (
				61988F4A1F9E9096007C5035 /* UserVC's */,
				61CFE40E1F9E1C4300B98CFE /* LoginVC.swift */,
				61988F481F9E890A007C5035 /* JobDetailVC.swift */,
				611CFE221F9E4EAF007BD0FC /* asCompanyVC.swift */,
			);
			path = Controllers;
			sourceTree = "<group>";
		};
		61CFE41F1F9E1C6D00B98CFE /* Model */ = {
			isa = PBXGroup;
			children = (
				611CFE201F9E4491007BD0FC /* User.swift */,
			);
			path = Model;
			sourceTree = "<group>";
		};
		61CFE4201F9E1C7600B98CFE /* Views */ = {
			isa = PBXGroup;
			children = (
				61CFE4231F9E1EC500B98CFE /* RoundedButton.swift */,
				611CFE1C1F9E2445007BD0FC /* CustomTextField.swift */,
				611CFE261F9E5EA8007BD0FC /* CustomView.swift */,
			);
			path = Views;
			sourceTree = "<group>";
		};
/* End PBXGroup section */

/* Begin PBXNativeTarget section */
		61CFE4081F9E1C4300B98CFE /* FindYourDreamJob */ = {
			isa = PBXNativeTarget;
			buildConfigurationList = 61CFE41B1F9E1C4300B98CFE /* Build configuration list for PBXNativeTarget "FindYourDreamJob" */;
			buildPhases = (
				61CFE4051F9E1C4300B98CFE /* Sources */,
				61CFE4061F9E1C4300B98CFE /* Frameworks */,
				61CFE4071F9E1C4300B98CFE /* Resources */,
			);
			buildRules = (
			);
			dependencies = (
			);
			name = FindYourDreamJob;
			productName = FindYourDreamJob;
			productReference = 61CFE4091F9E1C4300B98CFE /* FindYourDreamJob.app */;
			productType = "com.apple.product-type.application";
		};
/* End PBXNativeTarget section */

/* Begin PBXProject section */
		61CFE4011F9E1C4300B98CFE /* Project object */ = {
			isa = PBXProject;
			attributes = {
				LastSwiftUpdateCheck = 0900;
				LastUpgradeCheck = 0900;
				ORGANIZATIONNAME = "onur hüseyin çantay";
				TargetAttributes = {
					61CFE4081F9E1C4300B98CFE = {
						CreatedOnToolsVersion = 9.0.1;
						ProvisioningStyle = Automatic;
					};
				};
			};
			buildConfigurationList = 61CFE4041F9E1C4300B98CFE /* Build configuration list for PBXProject "FindYourDreamJob" */;
			compatibilityVersion = "Xcode 8.0";
			developmentRegion = en;
			hasScannedForEncodings = 0;
			knownRegions = (
				en,
				Base,
			);
			mainGroup = 61CFE4001F9E1C4300B98CFE;
			productRefGroup = 61CFE40A1F9E1C4300B98CFE /* Products */;
			projectDirPath = "";
			projectRoot = "";
			targets = (
				61CFE4081F9E1C4300B98CFE /* FindYourDreamJob */,
			);
		};
/* End PBXProject section */

/* Begin PBXResourcesBuildPhase section */
		61CFE4071F9E1C4300B98CFE /* Resources */ = {
			isa = PBXResourcesBuildPhase;
			buildActionMask = 2147483647;
			files = (
				61CFE4171F9E1C4300B98CFE /* LaunchScreen.storyboard in Resources */,
				61CFE4141F9E1C4300B98CFE /* Assets.xcassets in Resources */,
				61CFE4121F9E1C4300B98CFE /* Main.storyboard in Resources */,
			);
			runOnlyForDeploymentPostprocessing = 0;
		};
/* End PBXResourcesBuildPhase section */

/* Begin PBXSourcesBuildPhase section */
		61CFE4051F9E1C4300B98CFE /* Sources */ = {
			isa = PBXSourcesBuildPhase;
			buildActionMask = 2147483647;
			files = (
				61CFE40F1F9E1C4300B98CFE /* LoginVC.swift in Sources */,
				61CFE4241F9E1EC500B98CFE /* RoundedButton.swift in Sources */,
				61CFE40D1F9E1C4300B98CFE /* AppDelegate.swift in Sources */,
				61CFE4261F9E212100B98CFE /* Extensions.swift in Sources */,
				611CFE1D1F9E2445007BD0FC /* CustomTextField.swift in Sources */,
				611CFE271F9E5EA8007BD0FC /* CustomView.swift in Sources */,
				611CFE231F9E4EAF007BD0FC /* asCompanyVC.swift in Sources */,
				611CFE1F1F9E2AB3007BD0FC /* Constants.swift in Sources */,
				611CFE251F9E4EC1007BD0FC /* asUserVC.swift in Sources */,
				61988F471F9E80FD007C5035 /* ProfileVC.swift in Sources */,
				611CFE211F9E4491007BD0FC /* User.swift in Sources */,
				61988F491F9E890A007C5035 /* JobDetailVC.swift in Sources */,
			);
			runOnlyForDeploymentPostprocessing = 0;
		};
/* End PBXSourcesBuildPhase section */

/* Begin PBXVariantGroup section */
		61CFE4101F9E1C4300B98CFE /* Main.storyboard */ = {
			isa = PBXVariantGroup;
			children = (
				61CFE4111F9E1C4300B98CFE /* Base */,
			);
			name = Main.storyboard;
			sourceTree = "<group>";
		};
		61CFE4151F9E1C4300B98CFE /* LaunchScreen.storyboard */ = {
			isa = PBXVariantGroup;
			children = (
				61CFE4161F9E1C4300B98CFE /* Base */,
			);
			name = LaunchScreen.storyboard;
			sourceTree = "<group>";
		};
/* End PBXVariantGroup section */

/* Begin XCBuildConfiguration section */
		61CFE4191F9E1C4300B98CFE /* Debug */ = {
			isa = XCBuildConfiguration;
			buildSettings = {
				ALWAYS_SEARCH_USER_PATHS = NO;
				CLANG_ANALYZER_NONNULL = YES;
				CLANG_ANALYZER_NUMBER_OBJECT_CONVERSION = YES_AGGRESSIVE;
				CLANG_CXX_LANGUAGE_STANDARD = "gnu++14";
				CLANG_CXX_LIBRARY = "libc++";
				CLANG_ENABLE_MODULES = YES;
				CLANG_ENABLE_OBJC_ARC = YES;
				CLANG_WARN_BLOCK_CAPTURE_AUTORELEASING = YES;
				CLANG_WARN_BOOL_CONVERSION = YES;
				CLANG_WARN_COMMA = YES;
				CLANG_WARN_CONSTANT_CONVERSION = YES;
				CLANG_WARN_DIRECT_OBJC_ISA_USAGE = YES_ERROR;
				CLANG_WARN_DOCUMENTATION_COMMENTS = YES;
				CLANG_WARN_EMPTY_BODY = YES;
				CLANG_WARN_ENUM_CONVERSION = YES;
				CLANG_WARN_INFINITE_RECURSION = YES;
				CLANG_WARN_INT_CONVERSION = YES;
				CLANG_WARN_NON_LITERAL_NULL_CONVERSION = YES;
				CLANG_WARN_OBJC_LITERAL_CONVERSION = YES;
				CLANG_WARN_OBJC_ROOT_CLASS = YES_ERROR;
				CLANG_WARN_RANGE_LOOP_ANALYSIS = YES;
				CLANG_WARN_STRICT_PROTOTYPES = YES;
				CLANG_WARN_SUSPICIOUS_MOVE = YES;
				CLANG_WARN_UNGUARDED_AVAILABILITY = YES_AGGRESSIVE;
				CLANG_WARN_UNREACHABLE_CODE = YES;
				CLANG_WARN__DUPLICATE_METHOD_MATCH = YES;
				CODE_SIGN_IDENTITY = "iPhone Developer";
				COPY_PHASE_STRIP = NO;
				DEBUG_INFORMATION_FORMAT = dwarf;
				ENABLE_STRICT_OBJC_MSGSEND = YES;
				ENABLE_TESTABILITY = YES;
				GCC_C_LANGUAGE_STANDARD = gnu11;
				GCC_DYNAMIC_NO_PIC = NO;
				GCC_NO_COMMON_BLOCKS = YES;
				GCC_OPTIMIZATION_LEVEL = 0;
				GCC_PREPROCESSOR_DEFINITIONS = (
					"DEBUG=1",
					"$(inherited)",
				);
				GCC_WARN_64_TO_32_BIT_CONVERSION = YES;
				GCC_WARN_ABOUT_RETURN_TYPE = YES_ERROR;
				GCC_WARN_UNDECLARED_SELECTOR = YES;
				GCC_WARN_UNINITIALIZED_AUTOS = YES_AGGRESSIVE;
				GCC_WARN_UNUSED_FUNCTION = YES;
				GCC_WARN_UNUSED_VARIABLE = YES;
				IPHONEOS_DEPLOYMENT_TARGET = 11.0;
				MTL_ENABLE_DEBUG_INFO = YES;
				ONLY_ACTIVE_ARCH = YES;
				SDKROOT = iphoneos;
				SWIFT_ACTIVE_COMPILATION_CONDITIONS = DEBUG;
				SWIFT_OPTIMIZATION_LEVEL = "-Onone";
			};
			name = Debug;
		};
		61CFE41A1F9E1C4300B98CFE /* Release */ = {
			isa = XCBuildConfiguration;
			buildSettings = {
				ALWAYS_SEARCH_USER_PATHS = NO;
				CLANG_ANALYZER_NONNULL = YES;
				CLANG_ANALYZER_NUMBER_OBJECT_CONVERSION = YES_AGGRESSIVE;
				CLANG_CXX_LANGUAGE_STANDARD = "gnu++14";
				CLANG_CXX_LIBRARY = "libc++";
				CLANG_ENABLE_MODULES = YES;
				CLANG_ENABLE_OBJC_ARC = YES;
				CLANG_WARN_BLOCK_CAPTURE_AUTORELEASING = YES;
				CLANG_WARN_BOOL_CONVERSION = YES;
				CLANG_WARN_COMMA = YES;
				CLANG_WARN_CONSTANT_CONVERSION = YES;
				CLANG_WARN_DIRECT_OBJC_ISA_USAGE = YES_ERROR;
				CLANG_WARN_DOCUMENTATION_COMMENTS = YES;
				CLANG_WARN_EMPTY_BODY = YES;
				CLANG_WARN_ENUM_CONVERSION = YES;
				CLANG_WARN_INFINITE_RECURSION = YES;
				CLANG_WARN_INT_CONVERSION = YES;
				CLANG_WARN_NON_LITERAL_NULL_CONVERSION = YES;
				CLANG_WARN_OBJC_LITERAL_CONVERSION = YES;
				CLANG_WARN_OBJC_ROOT_CLASS = YES_ERROR;
				CLANG_WARN_RANGE_LOOP_ANALYSIS = YES;
				CLANG_WARN_STRICT_PROTOTYPES = YES;
				CLANG_WARN_SUSPICIOUS_MOVE = YES;
				CLANG_WARN_UNGUARDED_AVAILABILITY = YES_AGGRESSIVE;
				CLANG_WARN_UNREACHABLE_CODE = YES;
				CLANG_WARN__DUPLICATE_METHOD_MATCH = YES;
				CODE_SIGN_IDENTITY = "iPhone Developer";
				COPY_PHASE_STRIP = NO;
				DEBUG_INFORMATION_FORMAT = "dwarf-with-dsym";
				ENABLE_NS_ASSERTIONS = NO;
				ENABLE_STRICT_OBJC_MSGSEND = YES;
				GCC_C_LANGUAGE_STANDARD = gnu11;
				GCC_NO_COMMON_BLOCKS = YES;
				GCC_WARN_64_TO_32_BIT_CONVERSION = YES;
				GCC_WARN_ABOUT_RETURN_TYPE = YES_ERROR;
				GCC_WARN_UNDECLARED_SELECTOR = YES;
				GCC_WARN_UNINITIALIZED_AUTOS = YES_AGGRESSIVE;
				GCC_WARN_UNUSED_FUNCTION = YES;
				GCC_WARN_UNUSED_VARIABLE = YES;
				IPHONEOS_DEPLOYMENT_TARGET = 11.0;
				MTL_ENABLE_DEBUG_INFO = NO;
				SDKROOT = iphoneos;
				SWIFT_OPTIMIZATION_LEVEL = "-Owholemodule";
				VALIDATE_PRODUCT = YES;
			};
			name = Release;
		};
		61CFE41C1F9E1C4300B98CFE /* Debug */ = {
			isa = XCBuildConfiguration;
			buildSettings = {
				ASSETCATALOG_COMPILER_APPICON_NAME = AppIcon;
				CODE_SIGN_STYLE = Automatic;
				DEVELOPMENT_TEAM = B4F2B776R3;
				INFOPLIST_FILE = FindYourDreamJob/Info.plist;
				LD_RUNPATH_SEARCH_PATHS = "$(inherited) @executable_path/Frameworks";
				PRODUCT_BUNDLE_IDENTIFIER = onurhuseyincantay.FindYourDreamJob;
				PRODUCT_NAME = "$(TARGET_NAME)";
				SWIFT_VERSION = 4.0;
				TARGETED_DEVICE_FAMILY = 1;
			};
			name = Debug;
		};
		61CFE41D1F9E1C4300B98CFE /* Release */ = {
			isa = XCBuildConfiguration;
			buildSettings = {
				ASSETCATALOG_COMPILER_APPICON_NAME = AppIcon;
				CODE_SIGN_STYLE = Automatic;
				DEVELOPMENT_TEAM = B4F2B776R3;
				INFOPLIST_FILE = FindYourDreamJob/Info.plist;
				LD_RUNPATH_SEARCH_PATHS = "$(inherited) @executable_path/Frameworks";
				PRODUCT_BUNDLE_IDENTIFIER = onurhuseyincantay.FindYourDreamJob;
				PRODUCT_NAME = "$(TARGET_NAME)";
				SWIFT_VERSION = 4.0;
				TARGETED_DEVICE_FAMILY = 1;
			};
			name = Release;
		};
/* End XCBuildConfiguration section */

/* Begin XCConfigurationList section */
		61CFE4041F9E1C4300B98CFE /* Build configuration list for PBXProject "FindYourDreamJob" */ = {
			isa = XCConfigurationList;
			buildConfigurations = (
				61CFE4191F9E1C4300B98CFE /* Debug */,
				61CFE41A1F9E1C4300B98CFE /* Release */,
			);
			defaultConfigurationIsVisible = 0;
			defaultConfigurationName = Release;
		};
		61CFE41B1F9E1C4300B98CFE /* Build configuration list for PBXNativeTarget "FindYourDreamJob" */ = {
			isa = XCConfigurationList;
			buildConfigurations = (
				61CFE41C1F9E1C4300B98CFE /* Debug */,
				61CFE41D1F9E1C4300B98CFE /* Release */,
			);
			defaultConfigurationIsVisible = 0;
			defaultConfigurationName = Release;
		};
/* End XCConfigurationList section */
	};
	rootObject = 61CFE4011F9E1C4300B98CFE /* Project object */;
}
