// !$*UTF8*$!
{
	archiveVersion = 1;
	classes = {
	};
	objectVersion = 48;
	objects = {

/* Begin PBXBuildFile section */
		611CFE1D1F9E2445007BD0FC /* CustomTextField.swift in Sources */ = {isa = PBXBuildFile; fileRef = 611CFE1C1F9E2445007BD0FC /* CustomTextField.swift */; };
		611CFE1F1F9E2AB3007BD0FC /* Constants.swift in Sources */ = {isa = PBXBuildFile; fileRef = 611CFE1E1F9E2AB3007BD0FC /* Constants.swift */; };
		611CFE231F9E4EAF007BD0FC /* asCompanyVC.swift in Sources */ = {isa = PBXBuildFile; fileRef = 611CFE221F9E4EAF007BD0FC /* asCompanyVC.swift */; };
		611CFE251F9E4EC1007BD0FC /* asUserVC.swift in Sources */ = {isa = PBXBuildFile; fileRef = 611CFE241F9E4EC1007BD0FC /* asUserVC.swift */; };
		611CFE271F9E5EA8007BD0FC /* CustomView.swift in Sources */ = {isa = PBXBuildFile; fileRef = 611CFE261F9E5EA8007BD0FC /* CustomView.swift */; };
		613C987C1FA1F7CD001EE18F /* ProfileVCTextFields.swift in Sources */ = {isa = PBXBuildFile; fileRef = 613C987B1FA1F7CD001EE18F /* ProfileVCTextFields.swift */; };
		6155B6901F9F3443007AAFDD /* postingJobsVC.swift in Sources */ = {isa = PBXBuildFile; fileRef = 6155B68F1F9F3443007AAFDD /* postingJobsVC.swift */; };
		6155B6921F9F3461007AAFDD /* applymentsVC.swift in Sources */ = {isa = PBXBuildFile; fileRef = 6155B6911F9F3461007AAFDD /* applymentsVC.swift */; };
		6155B6961F9F4D9B007AAFDD /* RoundedImage.swift in Sources */ = {isa = PBXBuildFile; fileRef = 6155B6951F9F4D9B007AAFDD /* RoundedImage.swift */; };
		6155B6981F9F52D0007AAFDD /* CustomButton.swift in Sources */ = {isa = PBXBuildFile; fileRef = 6155B6971F9F52D0007AAFDD /* CustomButton.swift */; };
		615E68051FA8AA3A0021A793 /* linkedin-sdk.framework in Frameworks */ = {isa = PBXBuildFile; fileRef = 615E68041FA8AA3A0021A793 /* linkedin-sdk.framework */; };
		615E68061FA8AA550021A793 /* linkedin-sdk.framework in Sources */ = {isa = PBXBuildFile; fileRef = 615E68041FA8AA3A0021A793 /* linkedin-sdk.framework */; };
		617D0EFC1FA4820C00BAA1B0 /* JobPostingTF.swift in Sources */ = {isa = PBXBuildFile; fileRef = 617D0EFB1FA4820C00BAA1B0 /* JobPostingTF.swift */; };
		617D0EFE1FA482E000BAA1B0 /* JobPostingButton.swift in Sources */ = {isa = PBXBuildFile; fileRef = 617D0EFD1FA482E000BAA1B0 /* JobPostingButton.swift */; };
		61834BFD1F9F83DE006B9A80 /* User.swift in Sources */ = {isa = PBXBuildFile; fileRef = 61834BFC1F9F83DE006B9A80 /* User.swift */; };
		61834BFF1F9F86ED006B9A80 /* CompanyUser.swift in Sources */ = {isa = PBXBuildFile; fileRef = 61834BFE1F9F86ED006B9A80 /* CompanyUser.swift */; };
		61834C011F9F8EDD006B9A80 /* Job.swift in Sources */ = {isa = PBXBuildFile; fileRef = 61834C001F9F8EDD006B9A80 /* Job.swift */; };
		618D80251FA5F3ED009B1387 /* JobCell.swift in Sources */ = {isa = PBXBuildFile; fileRef = 618D80241FA5F3ED009B1387 /* JobCell.swift */; };
		61988F471F9E80FD007C5035 /* ProfileVC.swift in Sources */ = {isa = PBXBuildFile; fileRef = 61988F461F9E80FD007C5035 /* ProfileVC.swift */; };
		61988F491F9E890A007C5035 /* JobDetailVC.swift in Sources */ = {isa = PBXBuildFile; fileRef = 61988F481F9E890A007C5035 /* JobDetailVC.swift */; };
		619F03231F9F92BD00E2FFCC /* Database.swift in Sources */ = {isa = PBXBuildFile; fileRef = 619F03221F9F92BD00E2FFCC /* Database.swift */; };
		61AFE2391FA60B1800AFCAE7 /* GoogleService-Info.plist in Resources */ = {isa = PBXBuildFile; fileRef = 61AFE2381FA60B1800AFCAE7 /* GoogleService-Info.plist */; };
		61AFE23B1FA6182000AFCAE7 /* ApplyedJobsVC.swift in Sources */ = {isa = PBXBuildFile; fileRef = 61AFE23A1FA6182000AFCAE7 /* ApplyedJobsVC.swift */; };
		61CFE40D1F9E1C4300B98CFE /* AppDelegate.swift in Sources */ = {isa = PBXBuildFile; fileRef = 61CFE40C1F9E1C4300B98CFE /* AppDelegate.swift */; };
		61CFE40F1F9E1C4300B98CFE /* LoginVC.swift in Sources */ = {isa = PBXBuildFile; fileRef = 61CFE40E1F9E1C4300B98CFE /* LoginVC.swift */; };
		61CFE4121F9E1C4300B98CFE /* Main.storyboard in Resources */ = {isa = PBXBuildFile; fileRef = 61CFE4101F9E1C4300B98CFE /* Main.storyboard */; };
		61CFE4141F9E1C4300B98CFE /* Assets.xcassets in Resources */ = {isa = PBXBuildFile; fileRef = 61CFE4131F9E1C4300B98CFE /* Assets.xcassets */; };
		61CFE4171F9E1C4300B98CFE /* LaunchScreen.storyboard in Resources */ = {isa = PBXBuildFile; fileRef = 61CFE4151F9E1C4300B98CFE /* LaunchScreen.storyboard */; };
		61CFE4241F9E1EC500B98CFE /* RoundedButton.swift in Sources */ = {isa = PBXBuildFile; fileRef = 61CFE4231F9E1EC500B98CFE /* RoundedButton.swift */; };
		61CFE4261F9E212100B98CFE /* Extensions.swift in Sources */ = {isa = PBXBuildFile; fileRef = 61CFE4251F9E212100B98CFE /* Extensions.swift */; };
		61D631BA1FA5E28500C52776 /* ApplymentsCell.swift in Sources */ = {isa = PBXBuildFile; fileRef = 61D631B91FA5E28500C52776 /* ApplymentsCell.swift */; };
		88D217E747EC7C57802E8304 /* Pods_FindYourDreamJob.framework in Frameworks */ = {isa = PBXBuildFile; fileRef = 6F97E27841F95675260531D8 /* Pods_FindYourDreamJob.framework */; };
/* End PBXBuildFile section */

/* Begin PBXFileReference section */
		611CFE1C1F9E2445007BD0FC /* CustomTextField.swift */ = {isa = PBXFileReference; lastKnownFileType = sourcecode.swift; path = CustomTextField.swift; sourceTree = "<group>"; };
		611CFE1E1F9E2AB3007BD0FC /* Constants.swift */ = {isa = PBXFileReference; lastKnownFileType = sourcecode.swift; path = Constants.swift; sourceTree = "<group>"; };
		611CFE221F9E4EAF007BD0FC /* asCompanyVC.swift */ = {isa = PBXFileReference; lastKnownFileType = sourcecode.swift; path = asCompanyVC.swift; sourceTree = "<group>"; };
		611CFE241F9E4EC1007BD0FC /* asUserVC.swift */ = {isa = PBXFileReference; lastKnownFileType = sourcecode.swift; path = asUserVC.swift; sourceTree = "<group>"; };
		611CFE261F9E5EA8007BD0FC /* CustomView.swift */ = {isa = PBXFileReference; lastKnownFileType = sourcecode.swift; path = CustomView.swift; sourceTree = "<group>"; };
		613C987B1FA1F7CD001EE18F /* ProfileVCTextFields.swift */ = {isa = PBXFileReference; lastKnownFileType = sourcecode.swift; path = ProfileVCTextFields.swift; sourceTree = "<group>"; };
		6155B68F1F9F3443007AAFDD /* postingJobsVC.swift */ = {isa = PBXFileReference; lastKnownFileType = sourcecode.swift; path = postingJobsVC.swift; sourceTree = "<group>"; };
		6155B6911F9F3461007AAFDD /* applymentsVC.swift */ = {isa = PBXFileReference; lastKnownFileType = sourcecode.swift; path = applymentsVC.swift; sourceTree = "<group>"; };
		6155B6951F9F4D9B007AAFDD /* RoundedImage.swift */ = {isa = PBXFileReference; lastKnownFileType = sourcecode.swift; path = RoundedImage.swift; sourceTree = "<group>"; };
		6155B6971F9F52D0007AAFDD /* CustomButton.swift */ = {isa = PBXFileReference; lastKnownFileType = sourcecode.swift; path = CustomButton.swift; sourceTree = "<group>"; };
		615E68011FA8A74D0021A793 /* Header.h */ = {isa = PBXFileReference; lastKnownFileType = sourcecode.c.h; path = Header.h; sourceTree = "<group>"; };
		615E68021FA8A7B50021A793 /* linkedin-sdk.framework */ = {isa = PBXFileReference; lastKnownFileType = wrapper.framework; name = "linkedin-sdk.framework"; path = "../../../Downloads/li-ios-sdk-1.0.7-release (2)/linkedin-sdk.framework"; sourceTree = "<group>"; };
		615E68041FA8AA3A0021A793 /* linkedin-sdk.framework */ = {isa = PBXFileReference; lastKnownFileType = wrapper.framework; name = "linkedin-sdk.framework"; path = "FindYourDreamJob/linkedin-sdk.framework"; sourceTree = "<group>"; };
		617D0EFB1FA4820C00BAA1B0 /* JobPostingTF.swift */ = {isa = PBXFileReference; lastKnownFileType = sourcecode.swift; path = JobPostingTF.swift; sourceTree = "<group>"; };
		617D0EFD1FA482E000BAA1B0 /* JobPostingButton.swift */ = {isa = PBXFileReference; lastKnownFileType = sourcecode.swift; path = JobPostingButton.swift; sourceTree = "<group>"; };
		61834BFC1F9F83DE006B9A80 /* User.swift */ = {isa = PBXFileReference; lastKnownFileType = sourcecode.swift; path = User.swift; sourceTree = "<group>"; };
		61834BFE1F9F86ED006B9A80 /* CompanyUser.swift */ = {isa = PBXFileReference; lastKnownFileType = sourcecode.swift; path = CompanyUser.swift; sourceTree = "<group>"; };
		61834C001F9F8EDD006B9A80 /* Job.swift */ = {isa = PBXFileReference; lastKnownFileType = sourcecode.swift; path = Job.swift; sourceTree = "<group>"; };
		618D80241FA5F3ED009B1387 /* JobCell.swift */ = {isa = PBXFileReference; lastKnownFileType = sourcecode.swift; path = JobCell.swift; sourceTree = "<group>"; };
		61988F461F9E80FD007C5035 /* ProfileVC.swift */ = {isa = PBXFileReference; lastKnownFileType = sourcecode.swift; path = ProfileVC.swift; sourceTree = "<group>"; };
		61988F481F9E890A007C5035 /* JobDetailVC.swift */ = {isa = PBXFileReference; lastKnownFileType = sourcecode.swift; path = JobDetailVC.swift; sourceTree = "<group>"; };
		619F03221F9F92BD00E2FFCC /* Database.swift */ = {isa = PBXFileReference; lastKnownFileType = sourcecode.swift; path = Database.swift; sourceTree = "<group>"; };
		61AFE2381FA60B1800AFCAE7 /* GoogleService-Info.plist */ = {isa = PBXFileReference; fileEncoding = 4; lastKnownFileType = text.plist.xml; path = "GoogleService-Info.plist"; sourceTree = "<group>"; };
		61AFE23A1FA6182000AFCAE7 /* ApplyedJobsVC.swift */ = {isa = PBXFileReference; lastKnownFileType = sourcecode.swift; path = ApplyedJobsVC.swift; sourceTree = "<group>"; };
		61CFE4091F9E1C4300B98CFE /* FindYourDreamJob.app */ = {isa = PBXFileReference; explicitFileType = wrapper.application; includeInIndex = 0; path = FindYourDreamJob.app; sourceTree = BUILT_PRODUCTS_DIR; };
		61CFE40C1F9E1C4300B98CFE /* AppDelegate.swift */ = {isa = PBXFileReference; lastKnownFileType = sourcecode.swift; path = AppDelegate.swift; sourceTree = "<group>"; };
		61CFE40E1F9E1C4300B98CFE /* LoginVC.swift */ = {isa = PBXFileReference; lastKnownFileType = sourcecode.swift; path = LoginVC.swift; sourceTree = "<group>"; };
		61CFE4111F9E1C4300B98CFE /* Base */ = {isa = PBXFileReference; lastKnownFileType = file.storyboard; name = Base; path = Base.lproj/Main.storyboard; sourceTree = "<group>"; };
		61CFE4131F9E1C4300B98CFE /* Assets.xcassets */ = {isa = PBXFileReference; lastKnownFileType = folder.assetcatalog; path = Assets.xcassets; sourceTree = "<group>"; };
		61CFE4161F9E1C4300B98CFE /* Base */ = {isa = PBXFileReference; lastKnownFileType = file.storyboard; name = Base; path = Base.lproj/LaunchScreen.storyboard; sourceTree = "<group>"; };
		61CFE4181F9E1C4300B98CFE /* Info.plist */ = {isa = PBXFileReference; lastKnownFileType = text.plist.xml; path = Info.plist; sourceTree = "<group>"; };
		61CFE4231F9E1EC500B98CFE /* RoundedButton.swift */ = {isa = PBXFileReference; lastKnownFileType = sourcecode.swift; path = RoundedButton.swift; sourceTree = "<group>"; };
		61CFE4251F9E212100B98CFE /* Extensions.swift */ = {isa = PBXFileReference; lastKnownFileType = sourcecode.swift; path = Extensions.swift; sourceTree = "<group>"; };
		61D631B91FA5E28500C52776 /* ApplymentsCell.swift */ = {isa = PBXFileReference; lastKnownFileType = sourcecode.swift; path = ApplymentsCell.swift; sourceTree = "<group>"; };
		6F97E27841F95675260531D8 /* Pods_FindYourDreamJob.framework */ = {isa = PBXFileReference; explicitFileType = wrapper.framework; includeInIndex = 0; path = Pods_FindYourDreamJob.framework; sourceTree = BUILT_PRODUCTS_DIR; };
		C8D35B04255EF94F264EE9BB /* Pods-FindYourDreamJob.debug.xcconfig */ = {isa = PBXFileReference; includeInIndex = 1; lastKnownFileType = text.xcconfig; name = "Pods-FindYourDreamJob.debug.xcconfig"; path = "Pods/Target Support Files/Pods-FindYourDreamJob/Pods-FindYourDreamJob.debug.xcconfig"; sourceTree = "<group>"; };
		DC819C8E52D8FF3598D5F505 /* Pods-FindYourDreamJob.release.xcconfig */ = {isa = PBXFileReference; includeInIndex = 1; lastKnownFileType = text.xcconfig; name = "Pods-FindYourDreamJob.release.xcconfig"; path = "Pods/Target Support Files/Pods-FindYourDreamJob/Pods-FindYourDreamJob.release.xcconfig"; sourceTree = "<group>"; };
/* End PBXFileReference section */

/* Begin PBXFrameworksBuildPhase section */
		61CFE4061F9E1C4300B98CFE /* Frameworks */ = {
			isa = PBXFrameworksBuildPhase;
			buildActionMask = 2147483647;
			files = (
				615E68051FA8AA3A0021A793 /* linkedin-sdk.framework in Frameworks */,
				88D217E747EC7C57802E8304 /* Pods_FindYourDreamJob.framework in Frameworks */,
			);
			runOnlyForDeploymentPostprocessing = 0;
		};
/* End PBXFrameworksBuildPhase section */

/* Begin PBXGroup section */
		1F158C11EB78B3621DC347B9 /* Frameworks */ = {
			isa = PBXGroup;
			children = (
				615E68041FA8AA3A0021A793 /* linkedin-sdk.framework */,
				6F97E27841F95675260531D8 /* Pods_FindYourDreamJob.framework */,
			);
			name = Frameworks;
			sourceTree = "<group>";
		};
		5E65F7E66BBB4000A20E6CAD /* Pods */ = {
			isa = PBXGroup;
			children = (
				C8D35B04255EF94F264EE9BB /* Pods-FindYourDreamJob.debug.xcconfig */,
				DC819C8E52D8FF3598D5F505 /* Pods-FindYourDreamJob.release.xcconfig */,
			);
			name = Pods;
			sourceTree = "<group>";
		};
		6155B68E1F9F3363007AAFDD /* CompanyVC's */ = {
			isa = PBXGroup;
			children = (
				611CFE221F9E4EAF007BD0FC /* asCompanyVC.swift */,
				6155B68F1F9F3443007AAFDD /* postingJobsVC.swift */,
				6155B6911F9F3461007AAFDD /* applymentsVC.swift */,
			);
			path = "CompanyVC's";
			sourceTree = "<group>";
		};
		618D80261FA5FBFD009B1387 /* Cells */ = {
			isa = PBXGroup;
			children = (
				618D80241FA5F3ED009B1387 /* JobCell.swift */,
				61D631B91FA5E28500C52776 /* ApplymentsCell.swift */,
			);
			path = Cells;
			sourceTree = "<group>";
		};
		618D80271FA5FC12009B1387 /* Buttons */ = {
			isa = PBXGroup;
			children = (
				61CFE4231F9E1EC500B98CFE /* RoundedButton.swift */,
				6155B6971F9F52D0007AAFDD /* CustomButton.swift */,
				617D0EFD1FA482E000BAA1B0 /* JobPostingButton.swift */,
			);
			path = Buttons;
			sourceTree = "<group>";
		};
		618D80281FA5FC26009B1387 /* Textfields */ = {
			isa = PBXGroup;
			children = (
				611CFE1C1F9E2445007BD0FC /* CustomTextField.swift */,
				613C987B1FA1F7CD001EE18F /* ProfileVCTextFields.swift */,
				617D0EFB1FA4820C00BAA1B0 /* JobPostingTF.swift */,
			);
			path = Textfields;
			sourceTree = "<group>";
		};
		61988F4A1F9E9096007C5035 /* UserVC's */ = {
			isa = PBXGroup;
			children = (
				611CFE241F9E4EC1007BD0FC /* asUserVC.swift */,
				61AFE23A1FA6182000AFCAE7 /* ApplyedJobsVC.swift */,
			);
			path = "UserVC's";
			sourceTree = "<group>";
		};
		61CFE4001F9E1C4300B98CFE = {
			isa = PBXGroup;
			children = (
				61CFE40B1F9E1C4300B98CFE /* FindYourDreamJob */,
				61CFE40A1F9E1C4300B98CFE /* Products */,
				5E65F7E66BBB4000A20E6CAD /* Pods */,
				1F158C11EB78B3621DC347B9 /* Frameworks */,
			);
			sourceTree = "<group>";
		};
		61CFE40A1F9E1C4300B98CFE /* Products */ = {
			isa = PBXGroup;
			children = (
				61CFE4091F9E1C4300B98CFE /* FindYourDreamJob.app */,
			);
			name = Products;
			sourceTree = "<group>";
		};
		61CFE40B1F9E1C4300B98CFE /* FindYourDreamJob */ = {
			isa = PBXGroup;
			children = (
				615E68021FA8A7B50021A793 /* linkedin-sdk.framework */,
				61CFE4251F9E212100B98CFE /* Extensions.swift */,
				611CFE1E1F9E2AB3007BD0FC /* Constants.swift */,
				619F03221F9F92BD00E2FFCC /* Database.swift */,
				61CFE41F1F9E1C6D00B98CFE /* Model */,
				61CFE4201F9E1C7600B98CFE /* Views */,
				61CFE41E1F9E1C6700B98CFE /* Controllers */,
				61CFE40C1F9E1C4300B98CFE /* AppDelegate.swift */,
				61CFE4101F9E1C4300B98CFE /* Main.storyboard */,
				61CFE4131F9E1C4300B98CFE /* Assets.xcassets */,
				61CFE4151F9E1C4300B98CFE /* LaunchScreen.storyboard */,
				61AFE2381FA60B1800AFCAE7 /* GoogleService-Info.plist */,
				61CFE4181F9E1C4300B98CFE /* Info.plist */,
				615E68011FA8A74D0021A793 /* Header.h */,
			);
			path = FindYourDreamJob;
			sourceTree = "<group>";
		};
		61CFE41E1F9E1C6700B98CFE /* Controllers */ = {
			isa = PBXGroup;
			children = (
				61CFE40E1F9E1C4300B98CFE /* LoginVC.swift */,
				6155B68E1F9F3363007AAFDD /* CompanyVC's */,
				61988F4A1F9E9096007C5035 /* UserVC's */,
				61988F481F9E890A007C5035 /* JobDetailVC.swift */,
				61988F461F9E80FD007C5035 /* ProfileVC.swift */,
			);
			path = Controllers;
			sourceTree = "<group>";
		};
		61CFE41F1F9E1C6D00B98CFE /* Model */ = {
			isa = PBXGroup;
			children = (
				61834BFC1F9F83DE006B9A80 /* User.swift */,
				61834BFE1F9F86ED006B9A80 /* CompanyUser.swift */,
				61834C001F9F8EDD006B9A80 /* Job.swift */,
			);
			path = Model;
			sourceTree = "<group>";
		};
		61CFE4201F9E1C7600B98CFE /* Views */ = {
			isa = PBXGroup;
			children = (
				611CFE261F9E5EA8007BD0FC /* CustomView.swift */,
				6155B6951F9F4D9B007AAFDD /* RoundedImage.swift */,
				618D80281FA5FC26009B1387 /* Textfields */,
				618D80271FA5FC12009B1387 /* Buttons */,
				618D80261FA5FBFD009B1387 /* Cells */,
			);
			path = Views;
			sourceTree = "<group>";
		};
/* End PBXGroup section */

/* Begin PBXNativeTarget section */
		61CFE4081F9E1C4300B98CFE /* FindYourDreamJob */ = {
			isa = PBXNativeTarget;
			buildConfigurationList = 61CFE41B1F9E1C4300B98CFE /* Build configuration list for PBXNativeTarget "FindYourDreamJob" */;
			buildPhases = (
				FDBEAF38F4D72D3DB1FEF0BF /* [CP] Check Pods Manifest.lock */,
				61CFE4051F9E1C4300B98CFE /* Sources */,
				61CFE4061F9E1C4300B98CFE /* Frameworks */,
				61CFE4071F9E1C4300B98CFE /* Resources */,
				F4F6B6E1DC3474CD1C84FBF0 /* [CP] Embed Pods Frameworks */,
				617848EB8025B530A826F54C /* [CP] Copy Pods Resources */,
			);
			buildRules = (
			);
			dependencies = (
			);
			name = FindYourDreamJob;
			productName = FindYourDreamJob;
			productReference = 61CFE4091F9E1C4300B98CFE /* FindYourDreamJob.app */;
			productType = "com.apple.product-type.application";
		};
/* End PBXNativeTarget section */

/* Begin PBXProject section */
		61CFE4011F9E1C4300B98CFE /* Project object */ = {
			isa = PBXProject;
			attributes = {
				LastSwiftUpdateCheck = 0900;
				LastUpgradeCheck = 0900;
				ORGANIZATIONNAME = "onur hüseyin çantay";
				TargetAttributes = {
					61CFE4081F9E1C4300B98CFE = {
						CreatedOnToolsVersion = 9.0.1;
						ProvisioningStyle = Automatic;
					};
				};
			};
			buildConfigurationList = 61CFE4041F9E1C4300B98CFE /* Build configuration list for PBXProject "FindYourDreamJob" */;
			compatibilityVersion = "Xcode 8.0";
			developmentRegion = en;
			hasScannedForEncodings = 0;
			knownRegions = (
				en,
				Base,
			);
			mainGroup = 61CFE4001F9E1C4300B98CFE;
			productRefGroup = 61CFE40A1F9E1C4300B98CFE /* Products */;
			projectDirPath = "";
			projectRoot = "";
			targets = (
				61CFE4081F9E1C4300B98CFE /* FindYourDreamJob */,
			);
		};
/* End PBXProject section */

/* Begin PBXResourcesBuildPhase section */
		61CFE4071F9E1C4300B98CFE /* Resources */ = {
			isa = PBXResourcesBuildPhase;
			buildActionMask = 2147483647;
			files = (
				61CFE4171F9E1C4300B98CFE /* LaunchScreen.storyboard in Resources */,
				61AFE2391FA60B1800AFCAE7 /* GoogleService-Info.plist in Resources */,
				61CFE4141F9E1C4300B98CFE /* Assets.xcassets in Resources */,
				61CFE4121F9E1C4300B98CFE /* Main.storyboard in Resources */,
			);
			runOnlyForDeploymentPostprocessing = 0;
		};
/* End PBXResourcesBuildPhase section */

/* Begin PBXShellScriptBuildPhase section */
		617848EB8025B530A826F54C /* [CP] Copy Pods Resources */ = {
			isa = PBXShellScriptBuildPhase;
			buildActionMask = 2147483647;
			files = (
			);
			inputPaths = (
			);
			name = "[CP] Copy Pods Resources";
			outputPaths = (
			);
			runOnlyForDeploymentPostprocessing = 0;
			shellPath = /bin/sh;
			shellScript = "\"${SRCROOT}/Pods/Target Support Files/Pods-FindYourDreamJob/Pods-FindYourDreamJob-resources.sh\"\n";
			showEnvVarsInLog = 0;
		};
		F4F6B6E1DC3474CD1C84FBF0 /* [CP] Embed Pods Frameworks */ = {
			isa = PBXShellScriptBuildPhase;
			buildActionMask = 2147483647;
			files = (
			);
			inputPaths = (
				"${SRCROOT}/Pods/Target Support Files/Pods-FindYourDreamJob/Pods-FindYourDreamJob-frameworks.sh",
				"${BUILT_PRODUCTS_DIR}/GTMSessionFetcher/GTMSessionFetcher.framework",
				"${BUILT_PRODUCTS_DIR}/GoogleToolboxForMac/GoogleToolboxForMac.framework",
				"${BUILT_PRODUCTS_DIR}/nanopb/nanopb.framework",
			);
			name = "[CP] Embed Pods Frameworks";
			outputPaths = (
				"${TARGET_BUILD_DIR}/${FRAMEWORKS_FOLDER_PATH}/GTMSessionFetcher.framework",
				"${TARGET_BUILD_DIR}/${FRAMEWORKS_FOLDER_PATH}/GoogleToolboxForMac.framework",
				"${TARGET_BUILD_DIR}/${FRAMEWORKS_FOLDER_PATH}/nanopb.framework",
			);
			runOnlyForDeploymentPostprocessing = 0;
			shellPath = /bin/sh;
			shellScript = "\"${SRCROOT}/Pods/Target Support Files/Pods-FindYourDreamJob/Pods-FindYourDreamJob-frameworks.sh\"\n";
			showEnvVarsInLog = 0;
		};
		FDBEAF38F4D72D3DB1FEF0BF /* [CP] Check Pods Manifest.lock */ = {
			isa = PBXShellScriptBuildPhase;
			buildActionMask = 2147483647;
			files = (
			);
			inputPaths = (
				"${PODS_PODFILE_DIR_PATH}/Podfile.lock",
				"${PODS_ROOT}/Manifest.lock",
			);
			name = "[CP] Check Pods Manifest.lock";
			outputPaths = (
				"$(DERIVED_FILE_DIR)/Pods-FindYourDreamJob-checkManifestLockResult.txt",
			);
			runOnlyForDeploymentPostprocessing = 0;
			shellPath = /bin/sh;
			shellScript = "diff \"${PODS_PODFILE_DIR_PATH}/Podfile.lock\" \"${PODS_ROOT}/Manifest.lock\" > /dev/null\nif [ $? != 0 ] ; then\n    # print error to STDERR\n    echo \"error: The sandbox is not in sync with the Podfile.lock. Run 'pod install' or update your CocoaPods installation.\" >&2\n    exit 1\nfi\n# This output is used by Xcode 'outputs' to avoid re-running this script phase.\necho \"SUCCESS\" > \"${SCRIPT_OUTPUT_FILE_0}\"\n";
			showEnvVarsInLog = 0;
		};
/* End PBXShellScriptBuildPhase section */

/* Begin PBXSourcesBuildPhase section */
		61CFE4051F9E1C4300B98CFE /* Sources */ = {
			isa = PBXSourcesBuildPhase;
			buildActionMask = 2147483647;
			files = (
				615E68061FA8AA550021A793 /* linkedin-sdk.framework in Sources */,
				61CFE40F1F9E1C4300B98CFE /* LoginVC.swift in Sources */,
				618D80251FA5F3ED009B1387 /* JobCell.swift in Sources */,
				6155B6961F9F4D9B007AAFDD /* RoundedImage.swift in Sources */,
				61CFE4241F9E1EC500B98CFE /* RoundedButton.swift in Sources */,
				61834BFD1F9F83DE006B9A80 /* User.swift in Sources */,
				613C987C1FA1F7CD001EE18F /* ProfileVCTextFields.swift in Sources */,
				6155B6901F9F3443007AAFDD /* postingJobsVC.swift in Sources */,
				61CFE40D1F9E1C4300B98CFE /* AppDelegate.swift in Sources */,
				61CFE4261F9E212100B98CFE /* Extensions.swift in Sources */,
				611CFE1D1F9E2445007BD0FC /* CustomTextField.swift in Sources */,
				611CFE271F9E5EA8007BD0FC /* CustomView.swift in Sources */,
				6155B6921F9F3461007AAFDD /* applymentsVC.swift in Sources */,
				61D631BA1FA5E28500C52776 /* ApplymentsCell.swift in Sources */,
				61AFE23B1FA6182000AFCAE7 /* ApplyedJobsVC.swift in Sources */,
				611CFE231F9E4EAF007BD0FC /* asCompanyVC.swift in Sources */,
				611CFE1F1F9E2AB3007BD0FC /* Constants.swift in Sources */,
				611CFE251F9E4EC1007BD0FC /* asUserVC.swift in Sources */,
				617D0EFE1FA482E000BAA1B0 /* JobPostingButton.swift in Sources */,
				61834C011F9F8EDD006B9A80 /* Job.swift in Sources */,
				617D0EFC1FA4820C00BAA1B0 /* JobPostingTF.swift in Sources */,
				6155B6981F9F52D0007AAFDD /* CustomButton.swift in Sources */,
				61988F471F9E80FD007C5035 /* ProfileVC.swift in Sources */,
				61988F491F9E890A007C5035 /* JobDetailVC.swift in Sources */,
				619F03231F9F92BD00E2FFCC /* Database.swift in Sources */,
				61834BFF1F9F86ED006B9A80 /* CompanyUser.swift in Sources */,
			);
			runOnlyForDeploymentPostprocessing = 0;
		};
/* End PBXSourcesBuildPhase section */

/* Begin PBXVariantGroup section */
		61CFE4101F9E1C4300B98CFE /* Main.storyboard */ = {
			isa = PBXVariantGroup;
			children = (
				61CFE4111F9E1C4300B98CFE /* Base */,
			);
			name = Main.storyboard;
			sourceTree = "<group>";
		};
		61CFE4151F9E1C4300B98CFE /* LaunchScreen.storyboard */ = {
			isa = PBXVariantGroup;
			children = (
				61CFE4161F9E1C4300B98CFE /* Base */,
			);
			name = LaunchScreen.storyboard;
			sourceTree = "<group>";
		};
/* End PBXVariantGroup section */

/* Begin XCBuildConfiguration section */
		61CFE4191F9E1C4300B98CFE /* Debug */ = {
			isa = XCBuildConfiguration;
			buildSettings = {
				ALWAYS_SEARCH_USER_PATHS = NO;
				CLANG_ANALYZER_NONNULL = YES;
				CLANG_ANALYZER_NUMBER_OBJECT_CONVERSION = YES_AGGRESSIVE;
				CLANG_CXX_LANGUAGE_STANDARD = "gnu++14";
				CLANG_CXX_LIBRARY = "libc++";
				CLANG_ENABLE_MODULES = YES;
				CLANG_ENABLE_OBJC_ARC = YES;
				CLANG_WARN_BLOCK_CAPTURE_AUTORELEASING = YES;
				CLANG_WARN_BOOL_CONVERSION = YES;
				CLANG_WARN_COMMA = YES;
				CLANG_WARN_CONSTANT_CONVERSION = YES;
				CLANG_WARN_DIRECT_OBJC_ISA_USAGE = YES_ERROR;
				CLANG_WARN_DOCUMENTATION_COMMENTS = YES;
				CLANG_WARN_EMPTY_BODY = YES;
				CLANG_WARN_ENUM_CONVERSION = YES;
				CLANG_WARN_INFINITE_RECURSION = YES;
				CLANG_WARN_INT_CONVERSION = YES;
				CLANG_WARN_NON_LITERAL_NULL_CONVERSION = YES;
				CLANG_WARN_OBJC_LITERAL_CONVERSION = YES;
				CLANG_WARN_OBJC_ROOT_CLASS = YES_ERROR;
				CLANG_WARN_RANGE_LOOP_ANALYSIS = YES;
				CLANG_WARN_STRICT_PROTOTYPES = YES;
				CLANG_WARN_SUSPICIOUS_MOVE = YES;
				CLANG_WARN_UNGUARDED_AVAILABILITY = YES_AGGRESSIVE;
				CLANG_WARN_UNREACHABLE_CODE = YES;
				CLANG_WARN__DUPLICATE_METHOD_MATCH = YES;
				CODE_SIGN_IDENTITY = "iPhone Developer";
				COPY_PHASE_STRIP = NO;
				DEBUG_INFORMATION_FORMAT = dwarf;
				ENABLE_STRICT_OBJC_MSGSEND = YES;
				ENABLE_TESTABILITY = YES;
				GCC_C_LANGUAGE_STANDARD = gnu11;
				GCC_DYNAMIC_NO_PIC = NO;
				GCC_NO_COMMON_BLOCKS = YES;
				GCC_OPTIMIZATION_LEVEL = 0;
				GCC_PREPROCESSOR_DEFINITIONS = (
					"DEBUG=1",
					"$(inherited)",
				);
				GCC_WARN_64_TO_32_BIT_CONVERSION = YES;
				GCC_WARN_ABOUT_RETURN_TYPE = YES_ERROR;
				GCC_WARN_UNDECLARED_SELECTOR = YES;
				GCC_WARN_UNINITIALIZED_AUTOS = YES_AGGRESSIVE;
				GCC_WARN_UNUSED_FUNCTION = YES;
				GCC_WARN_UNUSED_VARIABLE = YES;
				IPHONEOS_DEPLOYMENT_TARGET = 11.0;
				MTL_ENABLE_DEBUG_INFO = YES;
				ONLY_ACTIVE_ARCH = YES;
				SDKROOT = iphoneos;
				SWIFT_ACTIVE_COMPILATION_CONDITIONS = DEBUG;
				SWIFT_OPTIMIZATION_LEVEL = "-Onone";
			};
			name = Debug;
		};
		61CFE41A1F9E1C4300B98CFE /* Release */ = {
			isa = XCBuildConfiguration;
			buildSettings = {
				ALWAYS_SEARCH_USER_PATHS = NO;
				CLANG_ANALYZER_NONNULL = YES;
				CLANG_ANALYZER_NUMBER_OBJECT_CONVERSION = YES_AGGRESSIVE;
				CLANG_CXX_LANGUAGE_STANDARD = "gnu++14";
				CLANG_CXX_LIBRARY = "libc++";
				CLANG_ENABLE_MODULES = YES;
				CLANG_ENABLE_OBJC_ARC = YES;
				CLANG_WARN_BLOCK_CAPTURE_AUTORELEASING = YES;
				CLANG_WARN_BOOL_CONVERSION = YES;
				CLANG_WARN_COMMA = YES;
				CLANG_WARN_CONSTANT_CONVERSION = YES;
				CLANG_WARN_DIRECT_OBJC_ISA_USAGE = YES_ERROR;
				CLANG_WARN_DOCUMENTATION_COMMENTS = YES;
				CLANG_WARN_EMPTY_BODY = YES;
				CLANG_WARN_ENUM_CONVERSION = YES;
				CLANG_WARN_INFINITE_RECURSION = YES;
				CLANG_WARN_INT_CONVERSION = YES;
				CLANG_WARN_NON_LITERAL_NULL_CONVERSION = YES;
				CLANG_WARN_OBJC_LITERAL_CONVERSION = YES;
				CLANG_WARN_OBJC_ROOT_CLASS = YES_ERROR;
				CLANG_WARN_RANGE_LOOP_ANALYSIS = YES;
				CLANG_WARN_STRICT_PROTOTYPES = YES;
				CLANG_WARN_SUSPICIOUS_MOVE = YES;
				CLANG_WARN_UNGUARDED_AVAILABILITY = YES_AGGRESSIVE;
				CLANG_WARN_UNREACHABLE_CODE = YES;
				CLANG_WARN__DUPLICATE_METHOD_MATCH = YES;
				CODE_SIGN_IDENTITY = "iPhone Developer";
				COPY_PHASE_STRIP = NO;
				DEBUG_INFORMATION_FORMAT = "dwarf-with-dsym";
				ENABLE_NS_ASSERTIONS = NO;
				ENABLE_STRICT_OBJC_MSGSEND = YES;
				GCC_C_LANGUAGE_STANDARD = gnu11;
				GCC_NO_COMMON_BLOCKS = YES;
				GCC_WARN_64_TO_32_BIT_CONVERSION = YES;
				GCC_WARN_ABOUT_RETURN_TYPE = YES_ERROR;
				GCC_WARN_UNDECLARED_SELECTOR = YES;
				GCC_WARN_UNINITIALIZED_AUTOS = YES_AGGRESSIVE;
				GCC_WARN_UNUSED_FUNCTION = YES;
				GCC_WARN_UNUSED_VARIABLE = YES;
				IPHONEOS_DEPLOYMENT_TARGET = 11.0;
				MTL_ENABLE_DEBUG_INFO = NO;
				SDKROOT = iphoneos;
				SWIFT_OPTIMIZATION_LEVEL = "-Owholemodule";
				VALIDATE_PRODUCT = YES;
			};
			name = Release;
		};
		61CFE41C1F9E1C4300B98CFE /* Debug */ = {
			isa = XCBuildConfiguration;
			baseConfigurationReference = C8D35B04255EF94F264EE9BB /* Pods-FindYourDreamJob.debug.xcconfig */;
			buildSettings = {
				ASSETCATALOG_COMPILER_APPICON_NAME = AppIcon;
				CODE_SIGN_STYLE = Automatic;
				DEVELOPMENT_TEAM = B4F2B776R3;
				FRAMEWORK_SEARCH_PATHS = (
					"$(inherited)",
					"$(PROJECT_DIR)/FindYourDreamJob",
				);
				GCC_PRECOMPILE_PREFIX_HEADER = YES;
				INFOPLIST_FILE = FindYourDreamJob/Info.plist;
				LD_RUNPATH_SEARCH_PATHS = "$(inherited) @executable_path/Frameworks";
				PRODUCT_BUNDLE_IDENTIFIER = onurhuseyincantay.FindYourDreamJob;
				PRODUCT_NAME = "$(TARGET_NAME)";
				SWIFT_OBJC_BRIDGING_HEADER = FindYourDreamJob/Header.h;
				SWIFT_VERSION = 4.0;
				TARGETED_DEVICE_FAMILY = 1;
			};
			name = Debug;
		};
		61CFE41D1F9E1C4300B98CFE /* Release */ = {
			isa = XCBuildConfiguration;
			baseConfigurationReference = DC819C8E52D8FF3598D5F505 /* Pods-FindYourDreamJob.release.xcconfig */;
			buildSettings = {
				ASSETCATALOG_COMPILER_APPICON_NAME = AppIcon;
				CODE_SIGN_STYLE = Automatic;
				DEVELOPMENT_TEAM = B4F2B776R3;
				FRAMEWORK_SEARCH_PATHS = (
					"$(inherited)",
					"$(PROJECT_DIR)/FindYourDreamJob",
				);
				GCC_PRECOMPILE_PREFIX_HEADER = YES;
				INFOPLIST_FILE = FindYourDreamJob/Info.plist;
				LD_RUNPATH_SEARCH_PATHS = "$(inherited) @executable_path/Frameworks";
				PRODUCT_BUNDLE_IDENTIFIER = onurhuseyincantay.FindYourDreamJob;
				PRODUCT_NAME = "$(TARGET_NAME)";
				SWIFT_OBJC_BRIDGING_HEADER = FindYourDreamJob/Header.h;
				SWIFT_VERSION = 4.0;
				TARGETED_DEVICE_FAMILY = 1;
			};
			name = Release;
		};
/* End XCBuildConfiguration section */

/* Begin XCConfigurationList section */
		61CFE4041F9E1C4300B98CFE /* Build configuration list for PBXProject "FindYourDreamJob" */ = {
			isa = XCConfigurationList;
			buildConfigurations = (
				61CFE4191F9E1C4300B98CFE /* Debug */,
				61CFE41A1F9E1C4300B98CFE /* Release */,
			);
			defaultConfigurationIsVisible = 0;
			defaultConfigurationName = Release;
		};
		61CFE41B1F9E1C4300B98CFE /* Build configuration list for PBXNativeTarget "FindYourDreamJob" */ = {
			isa = XCConfigurationList;
			buildConfigurations = (
				61CFE41C1F9E1C4300B98CFE /* Debug */,
				61CFE41D1F9E1C4300B98CFE /* Release */,
			);
			defaultConfigurationIsVisible = 0;
			defaultConfigurationName = Release;
		};
/* End XCConfigurationList section */
	};
	rootObject = 61CFE4011F9E1C4300B98CFE /* Project object */;
}
